
Microsoft Visual Studio Solution File, Format Version 12.00
# Visual Studio Version 17
VisualStudioVersion = 17.8.34511.84
MinimumVisualStudioVersion = 10.0.40219.1
Project("{9A19103F-16F7-4668-BE54-9A1E7A4F7556}") = "Sorting", "Sorting\Sorting.csproj", "{490AD2F7-45C2-4496-909B-29871FBFFA87}"
EndProject
Project("{9A19103F-16F7-4668-BE54-9A1E7A4F7556}") = "PopularStringAlgorithms", "PopularStringAlgorithms\PopularStringAlgorithms.csproj", "{69C37EDA-019C-4442-8519-C085D5F7DDE0}"
EndProject
Project("{FAE04EC0-301F-11D3-BF4B-00C04F79EFBC}") = "Algorithms.Test", "Algorithms.Test\Algorithms.Test.csproj", "{BA8EE206-1332-4360-A2D9-329321385847}"
EndProject
Global
	GlobalSection(SolutionConfigurationPlatforms) = preSolution
		Debug|Any CPU = Debug|Any CPU
		Release|Any CPU = Release|Any CPU
	EndGlobalSection
	GlobalSection(ProjectConfigurationPlatforms) = postSolution
		{490AD2F7-45C2-4496-909B-29871FBFFA87}.Debug|Any CPU.ActiveCfg = Debug|Any CPU
		{490AD2F7-45C2-4496-909B-29871FBFFA87}.Debug|Any CPU.Build.0 = Debug|Any CPU
		{490AD2F7-45C2-4496-909B-29871FBFFA87}.Release|Any CPU.ActiveCfg = Release|Any CPU
		{490AD2F7-45C2-4496-909B-29871FBFFA87}.Release|Any CPU.Build.0 = Release|Any CPU
		{69C37EDA-019C-4442-8519-C085D5F7DDE0}.Debug|Any CPU.ActiveCfg = Debug|Any CPU
		{69C37EDA-019C-4442-8519-C085D5F7DDE0}.Debug|Any CPU.Build.0 = Debug|Any CPU
		{69C37EDA-019C-4442-8519-C085D5F7DDE0}.Release|Any CPU.ActiveCfg = Release|Any CPU
		{69C37EDA-019C-4442-8519-C085D5F7DDE0}.Release|Any CPU.Build.0 = Release|Any CPU
		{BA8EE206-1332-4360-A2D9-329321385847}.Debug|Any CPU.ActiveCfg = Debug|Any CPU
		{BA8EE206-1332-4360-A2D9-329321385847}.Debug|Any CPU.Build.0 = Debug|Any CPU
		{BA8EE206-1332-4360-A2D9-329321385847}.Release|Any CPU.ActiveCfg = Release|Any CPU
		{BA8EE206-1332-4360-A2D9-329321385847}.Release|Any CPU.Build.0 = Release|Any CPU
	EndGlobalSection
	GlobalSection(SolutionProperties) = preSolution
		HideSolutionNode = FALSE
	EndGlobalSection
	GlobalSection(ExtensibilityGlobals) = postSolution
		SolutionGuid = {4F6EE5BF-5AA9-40AF-B3D8-6C8F4ABD3E14}
	EndGlobalSection
EndGlobal
