
Microsoft Visual Studio Solution File, Format Version 12.00
# Visual Studio Version 17
VisualStudioVersion = 17.8.34511.84
MinimumVisualStudioVersion = 10.0.40219.1
Project("{FAE04EC0-301F-11D3-BF4B-00C04F79EFBC}") = "ConsoleTelegram", "ConsoleTelegram\ConsoleTelegram.csproj", "{7F5B0B5E-ABBE-4C34-AC55-06C29320353C}"
EndProject
Global
	GlobalSection(SolutionConfigurationPlatforms) = preSolution
		Debug|Any CPU = Debug|Any CPU
		Release|Any CPU = Release|Any CPU
	EndGlobalSection
	GlobalSection(ProjectConfigurationPlatforms) = postSolution
		{7F5B0B5E-ABBE-4C34-AC55-06C29320353C}.Debug|Any CPU.ActiveCfg = Debug|Any CPU
		{7F5B0B5E-ABBE-4C34-AC55-06C29320353C}.Debug|Any CPU.Build.0 = Debug|Any CPU
		{7F5B0B5E-ABBE-4C34-AC55-06C29320353C}.Release|Any CPU.ActiveCfg = Release|Any CPU
		{7F5B0B5E-ABBE-4C34-AC55-06C29320353C}.Release|Any CPU.Build.0 = Release|Any CPU
	EndGlobalSection
	GlobalSection(SolutionProperties) = preSolution
		HideSolutionNode = FALSE
	EndGlobalSection
	GlobalSection(ExtensibilityGlobals) = postSolution
		SolutionGuid = {0B7E6E4F-CA7B-4DD2-8F64-424B4B7EB5A2}
	EndGlobalSection
EndGlobal
